
Microsoft Visual Studio Solution File, Format Version 12.00
# Visual Studio Version 16
VisualStudioVersion = 16.0.31019.35
MinimumVisualStudioVersion = 10.0.40219.1
Project("{FAE04EC0-301F-11D3-BF4B-00C04F79EFBC}") = "DbUpadte", "DbUpadte\DbUpadte.csproj", "{869CBD13-0BEB-46FE-AF29-4457A3E94161}"
EndProject
Global
	GlobalSection(SolutionConfigurationPlatforms) = preSolution
		Debug|Any CPU = Debug|Any CPU
		Release|Any CPU = Release|Any CPU
	EndGlobalSection
	GlobalSection(ProjectConfigurationPlatforms) = postSolution
		{869CBD13-0BEB-46FE-AF29-4457A3E94161}.Debug|Any CPU.ActiveCfg = Debug|Any CPU
		{869CBD13-0BEB-46FE-AF29-4457A3E94161}.Debug|Any CPU.Build.0 = Debug|Any CPU
		{869CBD13-0BEB-46FE-AF29-4457A3E94161}.Release|Any CPU.ActiveCfg = Release|Any CPU
		{869CBD13-0BEB-46FE-AF29-4457A3E94161}.Release|Any CPU.Build.0 = Release|Any CPU
	EndGlobalSection
	GlobalSection(SolutionProperties) = preSolution
		HideSolutionNode = FALSE
	EndGlobalSection
	GlobalSection(ExtensibilityGlobals) = postSolution
		SolutionGuid = {F343F07A-AE22-42DB-926F-0124BB0EFA06}
	EndGlobalSection
EndGlobal
